
Microsoft Visual Studio Solution File, Format Version 11.00
# Visual Studio 2010
Project("{FAE04EC0-301F-11D3-BF4B-00C04F79EFBC}") = "FakeTicketSystem", "FakeTicketSystem\FakeTicketSystem.csproj", "{97CBD303-2636-4CD8-8197-81CEB817595F}"
EndProject
Global
	GlobalSection(SolutionConfigurationPlatforms) = preSolution
		Debug|x86 = Debug|x86
		Release|x86 = Release|x86
	EndGlobalSection
	GlobalSection(ProjectConfigurationPlatforms) = postSolution
		{97CBD303-2636-4CD8-8197-81CEB817595F}.Debug|x86.ActiveCfg = Debug|x86
		{97CBD303-2636-4CD8-8197-81CEB817595F}.Debug|x86.Build.0 = Debug|x86
		{97CBD303-2636-4CD8-8197-81CEB817595F}.Release|x86.ActiveCfg = Release|x86
		{97CBD303-2636-4CD8-8197-81CEB817595F}.Release|x86.Build.0 = Release|x86
	EndGlobalSection
	GlobalSection(SolutionProperties) = preSolution
		HideSolutionNode = FALSE
	EndGlobalSection
EndGlobal
